<?xml version="1.0" encoding="utf-8"?>
<Project ToolsVersion="4.0" xmlns="http://schemas.microsoft.com/developer/msbuild/2003">
  <ItemGroup>
    <Filter Include="Source Files">
      <UniqueIdentifier>{4FC737F1-C7A5-4376-A066-2A32D752A2FF}</UniqueIdentifier>
      <Extensions>cpp;c;cc;cxx;c++;cppm;ixx;def;odl;idl;hpj;bat;asm;asmx</Extensions>
    </Filter>
    <Filter Include="Header Files">
      <UniqueIdentifier>{93995380-89BD-4b04-88EB-625FBE52EBFB}</UniqueIdentifier>
      <Extensions>h;hh;hpp;hxx;h++;hm;inl;inc;ipp;xsd</Extensions>
    </Filter>
    <Filter Include="Resource Files">
      <UniqueIdentifier>{67DA6AB6-F800-4c08-8B7A-83BB121AAD01}</UniqueIdentifier>
      <Extensions>rc;ico;cur;bmp;dlg;rc2;rct;bin;rgs;gif;jpg;jpeg;jpe;resx;tiff;tif;png;wav;mfcribbon-ms</Extensions>
    </Filter>
    <Filter Include="Source Files\lib">
      <UniqueIdentifier>{029736ba-43ec-4751-869b-c4f2409c890e}</UniqueIdentifier>
    </Filter>
    <Filter Include="Header Files\lib">
      <UniqueIdentifier>{b27ea662-dbb3-432c-b9d8-57e7106856cf}</UniqueIdentifier>
    </Filter>
    <Filter Include="Header Files\GL">
      <UniqueIdentifier>{fb6b4744-7812-4fc6-a023-581cc16f2e73}</UniqueIdentifier>
    </Filter>
  </ItemGroup>
  <ItemGroup>
    <ClCompile Include="PlatformPC.cpp">
      <Filter>Source Files</Filter>
    </ClCompile>
    <ClCompile Include="snake3d3_main.cpp">
      <Filter>Source Files</Filter>
    </ClCompile>
    <ClCompile Include="..\lib\Ball.cpp">
      <Filter>Source Files\lib</Filter>
    </ClCompile>
    <ClCompile Include="..\lib\BaseGame.cpp">
      <Filter>Source Files\lib</Filter>
    </ClCompile>
    <ClCompile Include="..\lib\Bullet.cpp">
      <Filter>Source Files\lib</Filter>
    </ClCompile>
    <ClCompile Include="..\lib\Car.cpp">
      <Filter>Source Files\lib</Filter>
    </ClCompile>
    <ClCompile Include="..\lib\Door.cpp">
      <Filter>Source Files\lib</Filter>
    </ClCompile>
    <ClCompile Include="..\lib\Entity.cpp">
      <Filter>Source Files\lib</Filter>
    </ClCompile>
    <ClCompile Include="..\lib\Level.cpp">
      <Filter>Source Files\lib</Filter>
    </ClCompile>
    <ClCompile Include="..\lib\Matrix.cpp">
      <Filter>Source Files\lib</Filter>
    </ClCompile>
    <ClCompile Include="..\lib\Plane.cpp">
      <Filter>Source Files\lib</Filter>
    </ClCompile>
    <ClCompile Include="..\lib\Player.cpp">
      <Filter>Source Files\lib</Filter>
    </ClCompile>
    <ClCompile Include="..\lib\Prize.cpp">
      <Filter>Source Files\lib</Filter>
    </ClCompile>
    <ClCompile Include="..\lib\SnakeGame.cpp">
      <Filter>Source Files\lib</Filter>
    </ClCompile>
    <ClCompile Include="..\lib\SnakeRenderer.cpp">
      <Filter>Source Files\lib</Filter>
    </ClCompile>
    <ClCompile Include="..\lib\Sphere.cpp">
      <Filter>Source Files\lib</Filter>
    </ClCompile>
    <ClCompile Include="..\lib\Tail.cpp">
      <Filter>Source Files\lib</Filter>
    </ClCompile>
    <ClCompile Include="..\lib\TakableObject.cpp">
      <Filter>Source Files\lib</Filter>
    </ClCompile>
    <ClCompile Include="..\lib\Vector.cpp">
      <Filter>Source Files\lib</Filter>
    </ClCompile>
    <ClCompile Include="..\lib\Wall.cpp">
      <Filter>Source Files\lib</Filter>
    </ClCompile>
  </ItemGroup>
  <ItemGroup>
    <ClInclude Include="..\lib\Ball.hpp">
      <Filter>Header Files\lib</Filter>
    </ClInclude>
    <ClInclude Include="..\lib\BaseGame.hpp">
      <Filter>Header Files\lib</Filter>
    </ClInclude>
    <ClInclude Include="..\lib\Bullet.hpp">
      <Filter>Header Files\lib</Filter>
    </ClInclude>
    <ClInclude Include="..\lib\Car.hpp">
      <Filter>Header Files\lib</Filter>
    </ClInclude>
    <ClInclude Include="..\lib\defines.hpp">
      <Filter>Header Files\lib</Filter>
    </ClInclude>
    <ClInclude Include="..\lib\Door.hpp">
      <Filter>Header Files\lib</Filter>
    </ClInclude>
    <ClInclude Include="..\lib\Entity.hpp">
      <Filter>Header Files\lib</Filter>
    </ClInclude>
    <ClInclude Include="..\lib\Level.hpp">
      <Filter>Header Files\lib</Filter>
    </ClInclude>
    <ClInclude Include="..\lib\Matrix.hpp">
      <Filter>Header Files\lib</Filter>
    </ClInclude>
    <ClInclude Include="..\lib\MeshReader.hpp">
      <Filter>Header Files\lib</Filter>
    </ClInclude>
    <ClInclude Include="..\lib\Model.hpp">
      <Filter>Header Files\lib</Filter>
    </ClInclude>
    <ClInclude Include="..\lib\OpenGL.hpp">
      <Filter>Header Files\lib</Filter>
    </ClInclude>
    <ClInclude Include="..\lib\Plane.hpp">
      <Filter>Header Files\lib</Filter>
    </ClInclude>
    <ClInclude Include="..\lib\Player.hpp">
      <Filter>Header Files\lib</Filter>
    </ClInclude>
    <ClInclude Include="..\lib\Prize.hpp">
      <Filter>Header Files\lib</Filter>
    </ClInclude>
    <ClInclude Include="..\lib\SnakeGame.hpp">
      <Filter>Header Files\lib</Filter>
    </ClInclude>
    <ClInclude Include="..\lib\SnakeRenderer.hpp">
      <Filter>Header Files\lib</Filter>
    </ClInclude>
    <ClInclude Include="..\lib\Sphere.hpp">
      <Filter>Header Files\lib</Filter>
    </ClInclude>
    <ClInclude Include="..\lib\Tail.hpp">
      <Filter>Header Files\lib</Filter>
    </ClInclude>
    <ClInclude Include="..\lib\TakableObject.hpp">
      <Filter>Header Files\lib</Filter>
    </ClInclude>
    <ClInclude Include="..\lib\Vector.hpp">
      <Filter>Header Files\lib</Filter>
    </ClInclude>
    <ClInclude Include="..\lib\Wall.hpp">
      <Filter>Header Files\lib</Filter>
    </ClInclude>
    <ClInclude Include="..\lib\GL\freeglut.h">
      <Filter>Header Files\GL</Filter>
    </ClInclude>
    <ClInclude Include="..\lib\GL\freeglut_ext.h">
      <Filter>Header Files\GL</Filter>
    </ClInclude>
    <ClInclude Include="..\lib\GL\freeglut_std.h">
      <Filter>Header Files\GL</Filter>
    </ClInclude>
    <ClInclude Include="..\lib\GL\glew.h">
      <Filter>Header Files\GL</Filter>
    </ClInclude>
  </ItemGroup>
  <ItemGroup>
    <Library Include="glew32.lib" />
  </ItemGroup>
</Project>